
Microsoft Visual Studio Solution File, Format Version 12.00
# Visual Studio Version 16
VisualStudioVersion = 16.0.30503.244
MinimumVisualStudioVersion = 10.0.40219.1
Project("{FAE04EC0-301F-11D3-BF4B-00C04F79EFBC}") = "ToHSV", "ToHSV\ToHSV.csproj", "{A80F5A9E-B3CB-4CDB-A12F-0390BDF95E4E}"
EndProject
Global
	GlobalSection(SolutionConfigurationPlatforms) = preSolution
		Debug|Any CPU = Debug|Any CPU
		Release|Any CPU = Release|Any CPU
	EndGlobalSection
	GlobalSection(ProjectConfigurationPlatforms) = postSolution
		{A80F5A9E-B3CB-4CDB-A12F-0390BDF95E4E}.Debug|Any CPU.ActiveCfg = Debug|Any CPU
		{A80F5A9E-B3CB-4CDB-A12F-0390BDF95E4E}.Debug|Any CPU.Build.0 = Debug|Any CPU
		{A80F5A9E-B3CB-4CDB-A12F-0390BDF95E4E}.Release|Any CPU.ActiveCfg = Release|Any CPU
		{A80F5A9E-B3CB-4CDB-A12F-0390BDF95E4E}.Release|Any CPU.Build.0 = Release|Any CPU
	EndGlobalSection
	GlobalSection(SolutionProperties) = preSolution
		HideSolutionNode = FALSE
	EndGlobalSection
	GlobalSection(ExtensibilityGlobals) = postSolution
		SolutionGuid = {F03D4AEA-F93A-4D17-B619-98F94FFC854E}
	EndGlobalSection
EndGlobal
